
Microsoft Visual Studio Solution File, Format Version 12.00
# Visual Studio 2015
Project("{FAE04EC0-301F-11D3-BF4B-00C04F79EFBC}") = "maah.Plugins", "maah.Plugins.csproj", "{76F17ADC-D3FE-0C6C-3F6E-BB6970976493}"
EndProject
Project("{FAE04EC0-301F-11D3-BF4B-00C04F79EFBC}") = "maah", "maah.csproj", "{CA77E34F-2298-D56C-A882-0C0908B11CC9}"
EndProject
Project("{FAE04EC0-301F-11D3-BF4B-00C04F79EFBC}") = "maah.Editor.Plugins", "maah.Editor.Plugins.csproj", "{D4A23822-4EA0-A3E2-1A4A-F4D27B8D3038}"
EndProject
Project("{FAE04EC0-301F-11D3-BF4B-00C04F79EFBC}") = "maah.Editor", "maah.Editor.csproj", "{33B31262-B73F-CC02-6A9C-D337BDE0D4C5}"
EndProject
Global
	GlobalSection(SolutionConfigurationPlatforms) = preSolution
		Debug|Any CPU = Debug|Any CPU
		Release|Any CPU = Release|Any CPU
	EndGlobalSection
	GlobalSection(ProjectConfigurationPlatforms) = postSolution
		{76F17ADC-D3FE-0C6C-3F6E-BB6970976493}.Debug|Any CPU.ActiveCfg = Debug|Any CPU
		{76F17ADC-D3FE-0C6C-3F6E-BB6970976493}.Debug|Any CPU.Build.0 = Debug|Any CPU
		{76F17ADC-D3FE-0C6C-3F6E-BB6970976493}.Release|Any CPU.ActiveCfg = Release|Any CPU
		{76F17ADC-D3FE-0C6C-3F6E-BB6970976493}.Release|Any CPU.Build.0 = Release|Any CPU
		{CA77E34F-2298-D56C-A882-0C0908B11CC9}.Debug|Any CPU.ActiveCfg = Debug|Any CPU
		{CA77E34F-2298-D56C-A882-0C0908B11CC9}.Debug|Any CPU.Build.0 = Debug|Any CPU
		{CA77E34F-2298-D56C-A882-0C0908B11CC9}.Release|Any CPU.ActiveCfg = Release|Any CPU
		{CA77E34F-2298-D56C-A882-0C0908B11CC9}.Release|Any CPU.Build.0 = Release|Any CPU
		{D4A23822-4EA0-A3E2-1A4A-F4D27B8D3038}.Debug|Any CPU.ActiveCfg = Debug|Any CPU
		{D4A23822-4EA0-A3E2-1A4A-F4D27B8D3038}.Debug|Any CPU.Build.0 = Debug|Any CPU
		{D4A23822-4EA0-A3E2-1A4A-F4D27B8D3038}.Release|Any CPU.ActiveCfg = Release|Any CPU
		{D4A23822-4EA0-A3E2-1A4A-F4D27B8D3038}.Release|Any CPU.Build.0 = Release|Any CPU
		{33B31262-B73F-CC02-6A9C-D337BDE0D4C5}.Debug|Any CPU.ActiveCfg = Debug|Any CPU
		{33B31262-B73F-CC02-6A9C-D337BDE0D4C5}.Debug|Any CPU.Build.0 = Debug|Any CPU
		{33B31262-B73F-CC02-6A9C-D337BDE0D4C5}.Release|Any CPU.ActiveCfg = Release|Any CPU
		{33B31262-B73F-CC02-6A9C-D337BDE0D4C5}.Release|Any CPU.Build.0 = Release|Any CPU
	EndGlobalSection
	GlobalSection(SolutionProperties) = preSolution
		HideSolutionNode = FALSE
	EndGlobalSection
EndGlobal
